
Microsoft Visual Studio Solution File, Format Version 12.00
# Visual Studio 2012
Project("{FAE04EC0-301F-11D3-BF4B-00C04F79EFBC}") = "AjaxWebForm", "AjaxWebForm\AjaxWebForm.csproj", "{620B1974-4A46-45FF-8EDB-14FB8D6B7255}"
EndProject
Global
	GlobalSection(SolutionConfigurationPlatforms) = preSolution
		Debug|Any CPU = Debug|Any CPU
		Release|Any CPU = Release|Any CPU
	EndGlobalSection
	GlobalSection(ProjectConfigurationPlatforms) = postSolution
		{620B1974-4A46-45FF-8EDB-14FB8D6B7255}.Debug|Any CPU.ActiveCfg = Debug|Any CPU
		{620B1974-4A46-45FF-8EDB-14FB8D6B7255}.Debug|Any CPU.Build.0 = Debug|Any CPU
		{620B1974-4A46-45FF-8EDB-14FB8D6B7255}.Release|Any CPU.ActiveCfg = Release|Any CPU
		{620B1974-4A46-45FF-8EDB-14FB8D6B7255}.Release|Any CPU.Build.0 = Release|Any CPU
	EndGlobalSection
	GlobalSection(SolutionProperties) = preSolution
		HideSolutionNode = FALSE
	EndGlobalSection
EndGlobal
